
Microsoft Visual Studio Solution File, Format Version 12.00
# Visual Studio Version 17
VisualStudioVersion = 17.11.35303.130
MinimumVisualStudioVersion = 10.0.40219.1
Project("{FAE04EC0-301F-11D3-BF4B-00C04F79EFBC}") = "jeux_du_pendu", "jeux_du_pendu.csproj", "{E83E0301-65DD-41CA-8CF6-AA463B703746}"
EndProject
Global
	GlobalSection(SolutionConfigurationPlatforms) = preSolution
		Debug|Any CPU = Debug|Any CPU
		Release|Any CPU = Release|Any CPU
	EndGlobalSection
	GlobalSection(ProjectConfigurationPlatforms) = postSolution
		{E83E0301-65DD-41CA-8CF6-AA463B703746}.Debug|Any CPU.ActiveCfg = Debug|Any CPU
		{E83E0301-65DD-41CA-8CF6-AA463B703746}.Debug|Any CPU.Build.0 = Debug|Any CPU
		{E83E0301-65DD-41CA-8CF6-AA463B703746}.Release|Any CPU.ActiveCfg = Release|Any CPU
		{E83E0301-65DD-41CA-8CF6-AA463B703746}.Release|Any CPU.Build.0 = Release|Any CPU
	EndGlobalSection
	GlobalSection(SolutionProperties) = preSolution
		HideSolutionNode = FALSE
	EndGlobalSection
	GlobalSection(ExtensibilityGlobals) = postSolution
		SolutionGuid = {BB9A2EC9-2EE1-4BDE-981A-3DAC08AC95B0}
	EndGlobalSection
EndGlobal
